
Microsoft Visual Studio Solution File, Format Version 12.00
# Visual Studio Version 17
VisualStudioVersion = 17.14.36109.1
MinimumVisualStudioVersion = 10.0.40219.1
Project("{2150E333-8FDC-42A3-9474-1A3956D46DE8}") = "FrontEnd", "FrontEnd", "{02EA681E-C7D8-13C7-8484-4AC65E1B71E8}"
EndProject
Project("{2150E333-8FDC-42A3-9474-1A3956D46DE8}") = "Services", "Services", "{911C7F06-5CAF-4C02-B14E-682121E36CC6}"
EndProject
Project("{FAE04EC0-301F-11D3-BF4B-00C04F79EFBC}") = "GeekShopping.ProductAPI", "GeekShopping.ProductAPI\GeekShopping.ProductAPI.csproj", "{3F029979-3CC5-4363-8D0D-2D90E7849302}"
EndProject
Project("{FAE04EC0-301F-11D3-BF4B-00C04F79EFBC}") = "GeekShopping.Web", "GeekShopping.Web\GeekShopping.Web.csproj", "{3176E457-FD3E-420C-96BF-4E0F9A7B74A4}"
EndProject
Global
	GlobalSection(SolutionConfigurationPlatforms) = preSolution
		Debug|Any CPU = Debug|Any CPU
		Release|Any CPU = Release|Any CPU
	EndGlobalSection
	GlobalSection(ProjectConfigurationPlatforms) = postSolution
		{3F029979-3CC5-4363-8D0D-2D90E7849302}.Debug|Any CPU.ActiveCfg = Debug|Any CPU
		{3F029979-3CC5-4363-8D0D-2D90E7849302}.Debug|Any CPU.Build.0 = Debug|Any CPU
		{3F029979-3CC5-4363-8D0D-2D90E7849302}.Release|Any CPU.ActiveCfg = Release|Any CPU
		{3F029979-3CC5-4363-8D0D-2D90E7849302}.Release|Any CPU.Build.0 = Release|Any CPU
		{3176E457-FD3E-420C-96BF-4E0F9A7B74A4}.Debug|Any CPU.ActiveCfg = Debug|Any CPU
		{3176E457-FD3E-420C-96BF-4E0F9A7B74A4}.Debug|Any CPU.Build.0 = Debug|Any CPU
		{3176E457-FD3E-420C-96BF-4E0F9A7B74A4}.Release|Any CPU.ActiveCfg = Release|Any CPU
		{3176E457-FD3E-420C-96BF-4E0F9A7B74A4}.Release|Any CPU.Build.0 = Release|Any CPU
	EndGlobalSection
	GlobalSection(SolutionProperties) = preSolution
		HideSolutionNode = FALSE
	EndGlobalSection
	GlobalSection(NestedProjects) = preSolution
		{3F029979-3CC5-4363-8D0D-2D90E7849302} = {911C7F06-5CAF-4C02-B14E-682121E36CC6}
		{3176E457-FD3E-420C-96BF-4E0F9A7B74A4} = {02EA681E-C7D8-13C7-8484-4AC65E1B71E8}
	EndGlobalSection
	GlobalSection(ExtensibilityGlobals) = postSolution
		SolutionGuid = {56B8D380-D8A2-4BA2-9DF3-8E1DF1E439B6}
	EndGlobalSection
EndGlobal
